
Microsoft Visual Studio Solution File, Format Version 12.00
# Visual Studio Version 16
VisualStudioVersion = 16.0.28922.388
MinimumVisualStudioVersion = 10.0.40219.1
Project("{9A19103F-16F7-4668-BE54-9A1E7A4F7556}") = "WasmNet", "WasmNet\WasmNet.csproj", "{CFB27F33-C954-417E-B68D-56DE642A1157}"
EndProject
Project("{9A19103F-16F7-4668-BE54-9A1E7A4F7556}") = "WasmNet.Tests", "WasmNet.Tests\WasmNet.Tests.csproj", "{EF977003-8FAC-42E4-B0AF-64C8E0A10F21}"
EndProject
Project("{FAE04EC0-301F-11D3-BF4B-00C04F79EFBC}") = "WasmNet.Runtime", "WasmNet.Runtime\WasmNet.Runtime.csproj", "{2B085C9F-60BC-4D44-A6F8-BB10838FDFC9}"
EndProject
Global
	GlobalSection(SolutionConfigurationPlatforms) = preSolution
		Debug|Any CPU = Debug|Any CPU
		Release|Any CPU = Release|Any CPU
	EndGlobalSection
	GlobalSection(ProjectConfigurationPlatforms) = postSolution
		{CFB27F33-C954-417E-B68D-56DE642A1157}.Debug|Any CPU.ActiveCfg = Debug|Any CPU
		{CFB27F33-C954-417E-B68D-56DE642A1157}.Debug|Any CPU.Build.0 = Debug|Any CPU
		{CFB27F33-C954-417E-B68D-56DE642A1157}.Release|Any CPU.ActiveCfg = Release|Any CPU
		{CFB27F33-C954-417E-B68D-56DE642A1157}.Release|Any CPU.Build.0 = Release|Any CPU
		{EF977003-8FAC-42E4-B0AF-64C8E0A10F21}.Debug|Any CPU.ActiveCfg = Debug|Any CPU
		{EF977003-8FAC-42E4-B0AF-64C8E0A10F21}.Debug|Any CPU.Build.0 = Debug|Any CPU
		{EF977003-8FAC-42E4-B0AF-64C8E0A10F21}.Release|Any CPU.ActiveCfg = Release|Any CPU
		{EF977003-8FAC-42E4-B0AF-64C8E0A10F21}.Release|Any CPU.Build.0 = Release|Any CPU
		{2B085C9F-60BC-4D44-A6F8-BB10838FDFC9}.Debug|Any CPU.ActiveCfg = Debug|Any CPU
		{2B085C9F-60BC-4D44-A6F8-BB10838FDFC9}.Debug|Any CPU.Build.0 = Debug|Any CPU
		{2B085C9F-60BC-4D44-A6F8-BB10838FDFC9}.Release|Any CPU.ActiveCfg = Release|Any CPU
		{2B085C9F-60BC-4D44-A6F8-BB10838FDFC9}.Release|Any CPU.Build.0 = Release|Any CPU
	EndGlobalSection
	GlobalSection(SolutionProperties) = preSolution
		HideSolutionNode = FALSE
	EndGlobalSection
	GlobalSection(ExtensibilityGlobals) = postSolution
		SolutionGuid = {C77E8C16-58E8-41DC-B74F-3AB055277F76}
	EndGlobalSection
EndGlobal
